
Microsoft Visual Studio Solution File, Format Version 12.00
# Visual Studio 2017
Project("{FAE04EC0-301F-11D3-BF4B-00C04F79EFBC}") = "Adventure Game", "Adventure Game.csproj", "{934F56B5-CC92-3E4A-151E-0842CAFC9C0F}"
EndProject
Project("{FAE04EC0-301F-11D3-BF4B-00C04F79EFBC}") = "Adventure Game.Editor", "Adventure Game.Editor.csproj", "{1DB76065-7681-01C0-36DA-9C2229505771}"
EndProject
Global
	GlobalSection(SolutionConfigurationPlatforms) = preSolution
		Debug|Any CPU = Debug|Any CPU
		Release|Any CPU = Release|Any CPU
	EndGlobalSection
	GlobalSection(ProjectConfigurationPlatforms) = postSolution
		{934F56B5-CC92-3E4A-151E-0842CAFC9C0F}.Debug|Any CPU.ActiveCfg = Debug|Any CPU
		{934F56B5-CC92-3E4A-151E-0842CAFC9C0F}.Debug|Any CPU.Build.0 = Debug|Any CPU
		{934F56B5-CC92-3E4A-151E-0842CAFC9C0F}.Release|Any CPU.ActiveCfg = Release|Any CPU
		{934F56B5-CC92-3E4A-151E-0842CAFC9C0F}.Release|Any CPU.Build.0 = Release|Any CPU
		{1DB76065-7681-01C0-36DA-9C2229505771}.Debug|Any CPU.ActiveCfg = Debug|Any CPU
		{1DB76065-7681-01C0-36DA-9C2229505771}.Debug|Any CPU.Build.0 = Debug|Any CPU
		{1DB76065-7681-01C0-36DA-9C2229505771}.Release|Any CPU.ActiveCfg = Release|Any CPU
		{1DB76065-7681-01C0-36DA-9C2229505771}.Release|Any CPU.Build.0 = Release|Any CPU
	EndGlobalSection
	GlobalSection(SolutionProperties) = preSolution
		HideSolutionNode = FALSE
	EndGlobalSection
EndGlobal
